
Microsoft Visual Studio Solution File, Format Version 12.00
# Visual Studio Version 16
VisualStudioVersion = 16.0.30011.22
MinimumVisualStudioVersion = 10.0.40219.1
Project("{2150E333-8FDC-42A3-9474-1A3956D46DE8}") = "1 - Presentation", "1 - Presentation", "{C69396B9-A01A-4173-AC1B-6D61EA1D50E6}"
EndProject
Project("{2150E333-8FDC-42A3-9474-1A3956D46DE8}") = "2 - Domain", "2 - Domain", "{A6E65A78-D202-4ECA-A5CE-8E72B7F1304E}"
EndProject
Project("{2150E333-8FDC-42A3-9474-1A3956D46DE8}") = "3 - Framework", "3 - Framework", "{79F78C6A-9F27-4076-9961-68E2DD458A15}"
EndProject
Project("{2150E333-8FDC-42A3-9474-1A3956D46DE8}") = "Bus", "Bus", "{3F83312B-A1CA-454D-A45E-FD94D0C2C769}"
EndProject
Project("{2150E333-8FDC-42A3-9474-1A3956D46DE8}") = "Environment", "Environment", "{C3284B72-6B5C-410F-AF5D-375356FCDA5B}"
EndProject
Project("{2150E333-8FDC-42A3-9474-1A3956D46DE8}") = "IoC", "IoC", "{303A8D54-D84A-48EA-8755-C402FB754FDF}"
EndProject
Project("{2150E333-8FDC-42A3-9474-1A3956D46DE8}") = "Pipeline", "Pipeline", "{F38F8EB2-B2FA-4CBD-931D-6FED6FEE75ED}"
EndProject
Project("{2150E333-8FDC-42A3-9474-1A3956D46DE8}") = "2.1 - Shared", "2.1 - Shared", "{9671D62A-DAF6-4F86-A448-261F5159D4F2}"
EndProject
Project("{2150E333-8FDC-42A3-9474-1A3956D46DE8}") = "2.2 - Customers", "2.2 - Customers", "{413314ED-5A07-48CF-971F-3416AD683109}"
EndProject
Project("{9A19103F-16F7-4668-BE54-9A1E7A4F7556}") = "ProjectName.Web.API.Service1", "src\1_Presentation\ProjectName.Web.API.Service1\ProjectName.Web.API.Service1.csproj", "{C2E506E3-0C2E-4E8E-8D70-7A8E898B9C00}"
EndProject
Project("{2150E333-8FDC-42A3-9474-1A3956D46DE8}") = "Domain", "Domain", "{21C50D93-E68B-47F0-8229-EEA58363DD34}"
EndProject
Project("{9A19103F-16F7-4668-BE54-9A1E7A4F7556}") = "Praticis.Framework.Domain.Abstractions", "src\3_Framework\Praticis.Framework.Domain.Abstractions\Praticis.Framework.Domain.Abstractions.csproj", "{1DE65169-51DC-408C-ADB9-D2357269E5B4}"
EndProject
Project("{9A19103F-16F7-4668-BE54-9A1E7A4F7556}") = "Praticis.Framework.Data.Abstractions", "src\3_Framework\Praticis.Framework.Data.Abstractions\Praticis.Framework.Data.Abstractions.csproj", "{7F7E8E79-36D6-4901-B226-A25DD14A4A3C}"
EndProject
Project("{9A19103F-16F7-4668-BE54-9A1E7A4F7556}") = "Praticis.Framework.Application.Abstractions", "src\3_Framework\Praticis.Framework.Application.Abstractions\Praticis.Framework.Application.Abstractions.csproj", "{AB8EB897-8940-4382-B29B-07D2CAA1D1CC}"
EndProject
Project("{9A19103F-16F7-4668-BE54-9A1E7A4F7556}") = "Praticis.Framework.Bus.Abstractions", "src\3_Framework\Praticis.Framework.Bus.Abstractions\Praticis.Framework.Bus.Abstractions.csproj", "{BB1DF4D8-7442-4F9D-BA39-488ED9188523}"
EndProject
Project("{9A19103F-16F7-4668-BE54-9A1E7A4F7556}") = "Praticis.Framework.Bus", "src\3_Framework\Praticis.Framework.Bus\Praticis.Framework.Bus.csproj", "{928928AB-42FA-46E6-AC05-C35B26978499}"
EndProject
Project("{9A19103F-16F7-4668-BE54-9A1E7A4F7556}") = "Praticis.Framework.Environment.Abstractions", "src\3_Framework\Praticis.Framework.Environment.Abstractions\Praticis.Framework.Environment.Abstractions.csproj", "{49E5B113-41BC-4393-BC25-02796232D92D}"
EndProject
Project("{9A19103F-16F7-4668-BE54-9A1E7A4F7556}") = "Praticis.Framework.Environment", "src\3_Framework\Praticis.Framework.Environment\Praticis.Framework.Environment.csproj", "{3DF26C06-75B5-43B9-868E-83B5CB8CB9BB}"
EndProject
Project("{9A19103F-16F7-4668-BE54-9A1E7A4F7556}") = "Praticis.Framework.Pipeline.Abstractions", "src\3_Framework\Praticis.Framework.Pipeline.Abstractions\Praticis.Framework.Pipeline.Abstractions.csproj", "{6290B913-1200-413C-A508-B0859834922C}"
EndProject
Project("{9A19103F-16F7-4668-BE54-9A1E7A4F7556}") = "Praticis.Framework.Pipeline", "src\3_Framework\Praticis.Framework.Pipeline\Praticis.Framework.Pipeline.csproj", "{D5A4875D-2C21-44F8-B2F8-79EE42AEB112}"
EndProject
Project("{2150E333-8FDC-42A3-9474-1A3956D46DE8}") = "Tools", "Tools", "{B3333A87-4C8B-4EF4-90F6-3795F0327148}"
EndProject
Project("{9A19103F-16F7-4668-BE54-9A1E7A4F7556}") = "Praticis.Framework.Tools", "src\3_Framework\Praticis.Framework.Tools\Praticis.Framework.Tools.csproj", "{725165B1-3459-4EC5-8126-82AFCD2B3360}"
EndProject
Project("{9A19103F-16F7-4668-BE54-9A1E7A4F7556}") = "Praticis.Extensions.Microsoft.DependencyInjection", "src\3_Framework\Praticis.Extensions.Microsoft.DependencyInjection\Praticis.Extensions.Microsoft.DependencyInjection.csproj", "{B7B12567-2EE0-4FDB-92CD-36E997C8A326}"
EndProject
Project("{2150E333-8FDC-42A3-9474-1A3956D46DE8}") = "Worker", "Worker", "{E8301F26-7659-44E2-BB75-7E5ACF95F7C4}"
EndProject
Project("{9A19103F-16F7-4668-BE54-9A1E7A4F7556}") = "ProjectName.Shared.Infra.Server.IoC", "src\2_Domain\2.1_Shared\ProjectName.Shared.Infra.Server.IoC\ProjectName.Shared.Infra.Server.IoC.csproj", "{BD1ECB81-F260-47F7-911B-27301E2A5E81}"
EndProject
Project("{9A19103F-16F7-4668-BE54-9A1E7A4F7556}") = "ProjectName.Web.API.Service2", "src\1_Presentation\ProjectName.Web.API.Service2\ProjectName.Web.API.Service2.csproj", "{E49C8D3D-B7E7-4105-A422-754888E8B932}"
EndProject
Project("{2150E333-8FDC-42A3-9474-1A3956D46DE8}") = "Kafka", "Kafka", "{D654A832-A0F2-4742-A75A-E4C748B53F9E}"
EndProject
Project("{9A19103F-16F7-4668-BE54-9A1E7A4F7556}") = "Praticis.Framework.Bus.Kafka", "src\3_Framework\Praticis.Framework.Bus.Kafka\Praticis.Framework.Bus.Kafka.csproj", "{CFA7BA8A-3DCA-4E28-8C9A-C6A2AC1AA4BA}"
EndProject
Project("{9A19103F-16F7-4668-BE54-9A1E7A4F7556}") = "ProjectName.Customers.Application", "src\2_Domain\2.2_Customers\ProjectName.Customers.Application\ProjectName.Customers.Application.csproj", "{42CE5610-95DB-4235-94DA-0A4F84D26D29}"
EndProject
Project("{2150E333-8FDC-42A3-9474-1A3956D46DE8}") = "Application", "Application", "{6FDBA215-55F1-456E-845D-47E3ADA22306}"
EndProject
Project("{2150E333-8FDC-42A3-9474-1A3956D46DE8}") = "Domain", "Domain", "{736E025A-5D75-4E41-A9AB-BE37C41C9685}"
EndProject
Project("{9A19103F-16F7-4668-BE54-9A1E7A4F7556}") = "ProjectName.Customers.Domain", "src\2_Domain\2.2_Customers\ProjectName.Customers.Domain\ProjectName.Customers.Domain.csproj", "{CBE4D20B-E1C2-4337-A4CD-014F22C49FFF}"
EndProject
Project("{9A19103F-16F7-4668-BE54-9A1E7A4F7556}") = "ProjectName.Customers.Core", "src\2_Domain\2.2_Customers\ProjectName.Customers.Core\ProjectName.Customers.Core.csproj", "{2B3AC0CA-4667-4278-B244-3144D86B87B6}"
EndProject
Project("{2150E333-8FDC-42A3-9474-1A3956D46DE8}") = "Infra", "Infra", "{4894B874-1DF5-4B7A-808A-1CE394667B28}"
EndProject
Project("{2150E333-8FDC-42A3-9474-1A3956D46DE8}") = "IoC", "IoC", "{B3337E4C-D9C5-49F2-A5F9-0EAE45443460}"
EndProject
Project("{2150E333-8FDC-42A3-9474-1A3956D46DE8}") = "Data", "Data", "{53BDEFC7-D7FC-4EEF-B7D6-048209D96F64}"
EndProject
Project("{9A19103F-16F7-4668-BE54-9A1E7A4F7556}") = "ProjectName.Customers.Infra.Server.IoC", "src\2_Domain\2.2_Customers\ProjectName.Customers.Infra.Server.IoC\ProjectName.Customers.Infra.Server.IoC.csproj", "{6A6C1386-2A7D-4EB0-A14C-A9DD28848015}"
EndProject
Project("{2150E333-8FDC-42A3-9474-1A3956D46DE8}") = "Infra", "Infra", "{83E563C8-299D-4145-A1DC-C467FC5B7BE1}"
EndProject
Project("{9A19103F-16F7-4668-BE54-9A1E7A4F7556}") = "ProjectName.Shared.Kernel.Core", "src\2_Domain\2.1_Shared\ProjectName.Shared.Kernel.Core\ProjectName.Shared.Kernel.Core.csproj", "{FF3C01E7-EE91-47DD-AD4F-A31F3D894EFB}"
EndProject
Project("{9A19103F-16F7-4668-BE54-9A1E7A4F7556}") = "Praticis.Framework.Bus.Kafka.Abstractions", "src\3_Framework\Praticis.Framework.Bus.Kafka.Abstractions\Praticis.Framework.Bus.Kafka.Abstractions.csproj", "{94BFCA14-2895-407C-B0EF-B28B645C97DF}"
EndProject
Project("{2150E333-8FDC-42A3-9474-1A3956D46DE8}") = "Kafka", "Kafka", "{4AD16906-B741-45CE-B964-130AF1E93560}"
EndProject
Project("{9A19103F-16F7-4668-BE54-9A1E7A4F7556}") = "Praticis.Framework.Worker.Abstractions", "src\3_Framework\Praticis.Framework.Worker.Abstractions\Praticis.Framework.Worker.Abstractions.csproj", "{BE651E6B-3301-43CF-AC6C-904F5A41BA54}"
EndProject
Project("{9A19103F-16F7-4668-BE54-9A1E7A4F7556}") = "Praticis.Framework.Worker.Application", "src\3_Framework\Praticis.Framework.Worker.Application\Praticis.Framework.Worker.Application.csproj", "{FF9F4752-C691-40E3-A458-2DDD1F176C58}"
EndProject
Project("{9A19103F-16F7-4668-BE54-9A1E7A4F7556}") = "Praticis.Framework.Worker", "src\3_Framework\Praticis.Framework.Worker\Praticis.Framework.Worker.csproj", "{AF1AD8D1-4BFB-423A-BA07-6C52FF3A24CA}"
EndProject
Project("{9A19103F-16F7-4668-BE54-9A1E7A4F7556}") = "Praticis.Framework.Worker.Kafka.Data", "src\3_Framework\Praticis.Framework.Worker.Kafka.Data\Praticis.Framework.Worker.Kafka.Data.csproj", "{273CC9DD-B84F-4531-B727-C3945A3FA21D}"
EndProject
Global
	GlobalSection(SolutionConfigurationPlatforms) = preSolution
		Debug|Any CPU = Debug|Any CPU
		Release|Any CPU = Release|Any CPU
	EndGlobalSection
	GlobalSection(ProjectConfigurationPlatforms) = postSolution
		{C2E506E3-0C2E-4E8E-8D70-7A8E898B9C00}.Debug|Any CPU.ActiveCfg = Debug|Any CPU
		{C2E506E3-0C2E-4E8E-8D70-7A8E898B9C00}.Debug|Any CPU.Build.0 = Debug|Any CPU
		{C2E506E3-0C2E-4E8E-8D70-7A8E898B9C00}.Release|Any CPU.ActiveCfg = Release|Any CPU
		{C2E506E3-0C2E-4E8E-8D70-7A8E898B9C00}.Release|Any CPU.Build.0 = Release|Any CPU
		{1DE65169-51DC-408C-ADB9-D2357269E5B4}.Debug|Any CPU.ActiveCfg = Debug|Any CPU
		{1DE65169-51DC-408C-ADB9-D2357269E5B4}.Debug|Any CPU.Build.0 = Debug|Any CPU
		{1DE65169-51DC-408C-ADB9-D2357269E5B4}.Release|Any CPU.ActiveCfg = Release|Any CPU
		{1DE65169-51DC-408C-ADB9-D2357269E5B4}.Release|Any CPU.Build.0 = Release|Any CPU
		{7F7E8E79-36D6-4901-B226-A25DD14A4A3C}.Debug|Any CPU.ActiveCfg = Debug|Any CPU
		{7F7E8E79-36D6-4901-B226-A25DD14A4A3C}.Debug|Any CPU.Build.0 = Debug|Any CPU
		{7F7E8E79-36D6-4901-B226-A25DD14A4A3C}.Release|Any CPU.ActiveCfg = Release|Any CPU
		{7F7E8E79-36D6-4901-B226-A25DD14A4A3C}.Release|Any CPU.Build.0 = Release|Any CPU
		{AB8EB897-8940-4382-B29B-07D2CAA1D1CC}.Debug|Any CPU.ActiveCfg = Debug|Any CPU
		{AB8EB897-8940-4382-B29B-07D2CAA1D1CC}.Debug|Any CPU.Build.0 = Debug|Any CPU
		{AB8EB897-8940-4382-B29B-07D2CAA1D1CC}.Release|Any CPU.ActiveCfg = Release|Any CPU
		{AB8EB897-8940-4382-B29B-07D2CAA1D1CC}.Release|Any CPU.Build.0 = Release|Any CPU
		{BB1DF4D8-7442-4F9D-BA39-488ED9188523}.Debug|Any CPU.ActiveCfg = Debug|Any CPU
		{BB1DF4D8-7442-4F9D-BA39-488ED9188523}.Debug|Any CPU.Build.0 = Debug|Any CPU
		{BB1DF4D8-7442-4F9D-BA39-488ED9188523}.Release|Any CPU.ActiveCfg = Release|Any CPU
		{BB1DF4D8-7442-4F9D-BA39-488ED9188523}.Release|Any CPU.Build.0 = Release|Any CPU
		{928928AB-42FA-46E6-AC05-C35B26978499}.Debug|Any CPU.ActiveCfg = Debug|Any CPU
		{928928AB-42FA-46E6-AC05-C35B26978499}.Debug|Any CPU.Build.0 = Debug|Any CPU
		{928928AB-42FA-46E6-AC05-C35B26978499}.Release|Any CPU.ActiveCfg = Release|Any CPU
		{928928AB-42FA-46E6-AC05-C35B26978499}.Release|Any CPU.Build.0 = Release|Any CPU
		{49E5B113-41BC-4393-BC25-02796232D92D}.Debug|Any CPU.ActiveCfg = Debug|Any CPU
		{49E5B113-41BC-4393-BC25-02796232D92D}.Debug|Any CPU.Build.0 = Debug|Any CPU
		{49E5B113-41BC-4393-BC25-02796232D92D}.Release|Any CPU.ActiveCfg = Release|Any CPU
		{49E5B113-41BC-4393-BC25-02796232D92D}.Release|Any CPU.Build.0 = Release|Any CPU
		{3DF26C06-75B5-43B9-868E-83B5CB8CB9BB}.Debug|Any CPU.ActiveCfg = Debug|Any CPU
		{3DF26C06-75B5-43B9-868E-83B5CB8CB9BB}.Debug|Any CPU.Build.0 = Debug|Any CPU
		{3DF26C06-75B5-43B9-868E-83B5CB8CB9BB}.Release|Any CPU.ActiveCfg = Release|Any CPU
		{3DF26C06-75B5-43B9-868E-83B5CB8CB9BB}.Release|Any CPU.Build.0 = Release|Any CPU
		{6290B913-1200-413C-A508-B0859834922C}.Debug|Any CPU.ActiveCfg = Debug|Any CPU
		{6290B913-1200-413C-A508-B0859834922C}.Debug|Any CPU.Build.0 = Debug|Any CPU
		{6290B913-1200-413C-A508-B0859834922C}.Release|Any CPU.ActiveCfg = Release|Any CPU
		{6290B913-1200-413C-A508-B0859834922C}.Release|Any CPU.Build.0 = Release|Any CPU
		{D5A4875D-2C21-44F8-B2F8-79EE42AEB112}.Debug|Any CPU.ActiveCfg = Debug|Any CPU
		{D5A4875D-2C21-44F8-B2F8-79EE42AEB112}.Debug|Any CPU.Build.0 = Debug|Any CPU
		{D5A4875D-2C21-44F8-B2F8-79EE42AEB112}.Release|Any CPU.ActiveCfg = Release|Any CPU
		{D5A4875D-2C21-44F8-B2F8-79EE42AEB112}.Release|Any CPU.Build.0 = Release|Any CPU
		{725165B1-3459-4EC5-8126-82AFCD2B3360}.Debug|Any CPU.ActiveCfg = Debug|Any CPU
		{725165B1-3459-4EC5-8126-82AFCD2B3360}.Debug|Any CPU.Build.0 = Debug|Any CPU
		{725165B1-3459-4EC5-8126-82AFCD2B3360}.Release|Any CPU.ActiveCfg = Release|Any CPU
		{725165B1-3459-4EC5-8126-82AFCD2B3360}.Release|Any CPU.Build.0 = Release|Any CPU
		{B7B12567-2EE0-4FDB-92CD-36E997C8A326}.Debug|Any CPU.ActiveCfg = Debug|Any CPU
		{B7B12567-2EE0-4FDB-92CD-36E997C8A326}.Debug|Any CPU.Build.0 = Debug|Any CPU
		{B7B12567-2EE0-4FDB-92CD-36E997C8A326}.Release|Any CPU.ActiveCfg = Release|Any CPU
		{B7B12567-2EE0-4FDB-92CD-36E997C8A326}.Release|Any CPU.Build.0 = Release|Any CPU
		{BD1ECB81-F260-47F7-911B-27301E2A5E81}.Debug|Any CPU.ActiveCfg = Debug|Any CPU
		{BD1ECB81-F260-47F7-911B-27301E2A5E81}.Debug|Any CPU.Build.0 = Debug|Any CPU
		{BD1ECB81-F260-47F7-911B-27301E2A5E81}.Release|Any CPU.ActiveCfg = Release|Any CPU
		{BD1ECB81-F260-47F7-911B-27301E2A5E81}.Release|Any CPU.Build.0 = Release|Any CPU
		{E49C8D3D-B7E7-4105-A422-754888E8B932}.Debug|Any CPU.ActiveCfg = Debug|Any CPU
		{E49C8D3D-B7E7-4105-A422-754888E8B932}.Debug|Any CPU.Build.0 = Debug|Any CPU
		{E49C8D3D-B7E7-4105-A422-754888E8B932}.Release|Any CPU.ActiveCfg = Release|Any CPU
		{E49C8D3D-B7E7-4105-A422-754888E8B932}.Release|Any CPU.Build.0 = Release|Any CPU
		{CFA7BA8A-3DCA-4E28-8C9A-C6A2AC1AA4BA}.Debug|Any CPU.ActiveCfg = Debug|Any CPU
		{CFA7BA8A-3DCA-4E28-8C9A-C6A2AC1AA4BA}.Debug|Any CPU.Build.0 = Debug|Any CPU
		{CFA7BA8A-3DCA-4E28-8C9A-C6A2AC1AA4BA}.Release|Any CPU.ActiveCfg = Release|Any CPU
		{CFA7BA8A-3DCA-4E28-8C9A-C6A2AC1AA4BA}.Release|Any CPU.Build.0 = Release|Any CPU
		{42CE5610-95DB-4235-94DA-0A4F84D26D29}.Debug|Any CPU.ActiveCfg = Debug|Any CPU
		{42CE5610-95DB-4235-94DA-0A4F84D26D29}.Debug|Any CPU.Build.0 = Debug|Any CPU
		{42CE5610-95DB-4235-94DA-0A4F84D26D29}.Release|Any CPU.ActiveCfg = Release|Any CPU
		{42CE5610-95DB-4235-94DA-0A4F84D26D29}.Release|Any CPU.Build.0 = Release|Any CPU
		{CBE4D20B-E1C2-4337-A4CD-014F22C49FFF}.Debug|Any CPU.ActiveCfg = Debug|Any CPU
		{CBE4D20B-E1C2-4337-A4CD-014F22C49FFF}.Debug|Any CPU.Build.0 = Debug|Any CPU
		{CBE4D20B-E1C2-4337-A4CD-014F22C49FFF}.Release|Any CPU.ActiveCfg = Release|Any CPU
		{CBE4D20B-E1C2-4337-A4CD-014F22C49FFF}.Release|Any CPU.Build.0 = Release|Any CPU
		{2B3AC0CA-4667-4278-B244-3144D86B87B6}.Debug|Any CPU.ActiveCfg = Debug|Any CPU
		{2B3AC0CA-4667-4278-B244-3144D86B87B6}.Debug|Any CPU.Build.0 = Debug|Any CPU
		{2B3AC0CA-4667-4278-B244-3144D86B87B6}.Release|Any CPU.ActiveCfg = Release|Any CPU
		{2B3AC0CA-4667-4278-B244-3144D86B87B6}.Release|Any CPU.Build.0 = Release|Any CPU
		{6A6C1386-2A7D-4EB0-A14C-A9DD28848015}.Debug|Any CPU.ActiveCfg = Debug|Any CPU
		{6A6C1386-2A7D-4EB0-A14C-A9DD28848015}.Debug|Any CPU.Build.0 = Debug|Any CPU
		{6A6C1386-2A7D-4EB0-A14C-A9DD28848015}.Release|Any CPU.ActiveCfg = Release|Any CPU
		{6A6C1386-2A7D-4EB0-A14C-A9DD28848015}.Release|Any CPU.Build.0 = Release|Any CPU
		{FF3C01E7-EE91-47DD-AD4F-A31F3D894EFB}.Debug|Any CPU.ActiveCfg = Debug|Any CPU
		{FF3C01E7-EE91-47DD-AD4F-A31F3D894EFB}.Debug|Any CPU.Build.0 = Debug|Any CPU
		{FF3C01E7-EE91-47DD-AD4F-A31F3D894EFB}.Release|Any CPU.ActiveCfg = Release|Any CPU
		{FF3C01E7-EE91-47DD-AD4F-A31F3D894EFB}.Release|Any CPU.Build.0 = Release|Any CPU
		{94BFCA14-2895-407C-B0EF-B28B645C97DF}.Debug|Any CPU.ActiveCfg = Debug|Any CPU
		{94BFCA14-2895-407C-B0EF-B28B645C97DF}.Debug|Any CPU.Build.0 = Debug|Any CPU
		{94BFCA14-2895-407C-B0EF-B28B645C97DF}.Release|Any CPU.ActiveCfg = Release|Any CPU
		{94BFCA14-2895-407C-B0EF-B28B645C97DF}.Release|Any CPU.Build.0 = Release|Any CPU
		{BE651E6B-3301-43CF-AC6C-904F5A41BA54}.Debug|Any CPU.ActiveCfg = Debug|Any CPU
		{BE651E6B-3301-43CF-AC6C-904F5A41BA54}.Debug|Any CPU.Build.0 = Debug|Any CPU
		{BE651E6B-3301-43CF-AC6C-904F5A41BA54}.Release|Any CPU.ActiveCfg = Release|Any CPU
		{BE651E6B-3301-43CF-AC6C-904F5A41BA54}.Release|Any CPU.Build.0 = Release|Any CPU
		{FF9F4752-C691-40E3-A458-2DDD1F176C58}.Debug|Any CPU.ActiveCfg = Debug|Any CPU
		{FF9F4752-C691-40E3-A458-2DDD1F176C58}.Debug|Any CPU.Build.0 = Debug|Any CPU
		{FF9F4752-C691-40E3-A458-2DDD1F176C58}.Release|Any CPU.ActiveCfg = Release|Any CPU
		{FF9F4752-C691-40E3-A458-2DDD1F176C58}.Release|Any CPU.Build.0 = Release|Any CPU
		{AF1AD8D1-4BFB-423A-BA07-6C52FF3A24CA}.Debug|Any CPU.ActiveCfg = Debug|Any CPU
		{AF1AD8D1-4BFB-423A-BA07-6C52FF3A24CA}.Debug|Any CPU.Build.0 = Debug|Any CPU
		{AF1AD8D1-4BFB-423A-BA07-6C52FF3A24CA}.Release|Any CPU.ActiveCfg = Release|Any CPU
		{AF1AD8D1-4BFB-423A-BA07-6C52FF3A24CA}.Release|Any CPU.Build.0 = Release|Any CPU
		{273CC9DD-B84F-4531-B727-C3945A3FA21D}.Debug|Any CPU.ActiveCfg = Debug|Any CPU
		{273CC9DD-B84F-4531-B727-C3945A3FA21D}.Debug|Any CPU.Build.0 = Debug|Any CPU
		{273CC9DD-B84F-4531-B727-C3945A3FA21D}.Release|Any CPU.ActiveCfg = Release|Any CPU
		{273CC9DD-B84F-4531-B727-C3945A3FA21D}.Release|Any CPU.Build.0 = Release|Any CPU
	EndGlobalSection
	GlobalSection(SolutionProperties) = preSolution
		HideSolutionNode = FALSE
	EndGlobalSection
	GlobalSection(NestedProjects) = preSolution
		{3F83312B-A1CA-454D-A45E-FD94D0C2C769} = {79F78C6A-9F27-4076-9961-68E2DD458A15}
		{C3284B72-6B5C-410F-AF5D-375356FCDA5B} = {79F78C6A-9F27-4076-9961-68E2DD458A15}
		{303A8D54-D84A-48EA-8755-C402FB754FDF} = {79F78C6A-9F27-4076-9961-68E2DD458A15}
		{F38F8EB2-B2FA-4CBD-931D-6FED6FEE75ED} = {79F78C6A-9F27-4076-9961-68E2DD458A15}
		{9671D62A-DAF6-4F86-A448-261F5159D4F2} = {A6E65A78-D202-4ECA-A5CE-8E72B7F1304E}
		{413314ED-5A07-48CF-971F-3416AD683109} = {A6E65A78-D202-4ECA-A5CE-8E72B7F1304E}
		{C2E506E3-0C2E-4E8E-8D70-7A8E898B9C00} = {C69396B9-A01A-4173-AC1B-6D61EA1D50E6}
		{21C50D93-E68B-47F0-8229-EEA58363DD34} = {79F78C6A-9F27-4076-9961-68E2DD458A15}
		{1DE65169-51DC-408C-ADB9-D2357269E5B4} = {21C50D93-E68B-47F0-8229-EEA58363DD34}
		{7F7E8E79-36D6-4901-B226-A25DD14A4A3C} = {21C50D93-E68B-47F0-8229-EEA58363DD34}
		{AB8EB897-8940-4382-B29B-07D2CAA1D1CC} = {21C50D93-E68B-47F0-8229-EEA58363DD34}
		{BB1DF4D8-7442-4F9D-BA39-488ED9188523} = {3F83312B-A1CA-454D-A45E-FD94D0C2C769}
		{928928AB-42FA-46E6-AC05-C35B26978499} = {3F83312B-A1CA-454D-A45E-FD94D0C2C769}
		{49E5B113-41BC-4393-BC25-02796232D92D} = {C3284B72-6B5C-410F-AF5D-375356FCDA5B}
		{3DF26C06-75B5-43B9-868E-83B5CB8CB9BB} = {C3284B72-6B5C-410F-AF5D-375356FCDA5B}
		{6290B913-1200-413C-A508-B0859834922C} = {F38F8EB2-B2FA-4CBD-931D-6FED6FEE75ED}
		{D5A4875D-2C21-44F8-B2F8-79EE42AEB112} = {F38F8EB2-B2FA-4CBD-931D-6FED6FEE75ED}
		{B3333A87-4C8B-4EF4-90F6-3795F0327148} = {79F78C6A-9F27-4076-9961-68E2DD458A15}
		{725165B1-3459-4EC5-8126-82AFCD2B3360} = {B3333A87-4C8B-4EF4-90F6-3795F0327148}
		{B7B12567-2EE0-4FDB-92CD-36E997C8A326} = {303A8D54-D84A-48EA-8755-C402FB754FDF}
		{E8301F26-7659-44E2-BB75-7E5ACF95F7C4} = {79F78C6A-9F27-4076-9961-68E2DD458A15}
		{BD1ECB81-F260-47F7-911B-27301E2A5E81} = {83E563C8-299D-4145-A1DC-C467FC5B7BE1}
		{E49C8D3D-B7E7-4105-A422-754888E8B932} = {C69396B9-A01A-4173-AC1B-6D61EA1D50E6}
		{D654A832-A0F2-4742-A75A-E4C748B53F9E} = {3F83312B-A1CA-454D-A45E-FD94D0C2C769}
		{CFA7BA8A-3DCA-4E28-8C9A-C6A2AC1AA4BA} = {D654A832-A0F2-4742-A75A-E4C748B53F9E}
		{42CE5610-95DB-4235-94DA-0A4F84D26D29} = {6FDBA215-55F1-456E-845D-47E3ADA22306}
		{6FDBA215-55F1-456E-845D-47E3ADA22306} = {413314ED-5A07-48CF-971F-3416AD683109}
		{736E025A-5D75-4E41-A9AB-BE37C41C9685} = {413314ED-5A07-48CF-971F-3416AD683109}
		{CBE4D20B-E1C2-4337-A4CD-014F22C49FFF} = {736E025A-5D75-4E41-A9AB-BE37C41C9685}
		{2B3AC0CA-4667-4278-B244-3144D86B87B6} = {736E025A-5D75-4E41-A9AB-BE37C41C9685}
		{4894B874-1DF5-4B7A-808A-1CE394667B28} = {413314ED-5A07-48CF-971F-3416AD683109}
		{B3337E4C-D9C5-49F2-A5F9-0EAE45443460} = {4894B874-1DF5-4B7A-808A-1CE394667B28}
		{53BDEFC7-D7FC-4EEF-B7D6-048209D96F64} = {4894B874-1DF5-4B7A-808A-1CE394667B28}
		{6A6C1386-2A7D-4EB0-A14C-A9DD28848015} = {B3337E4C-D9C5-49F2-A5F9-0EAE45443460}
		{83E563C8-299D-4145-A1DC-C467FC5B7BE1} = {9671D62A-DAF6-4F86-A448-261F5159D4F2}
		{FF3C01E7-EE91-47DD-AD4F-A31F3D894EFB} = {9671D62A-DAF6-4F86-A448-261F5159D4F2}
		{94BFCA14-2895-407C-B0EF-B28B645C97DF} = {D654A832-A0F2-4742-A75A-E4C748B53F9E}
		{4AD16906-B741-45CE-B964-130AF1E93560} = {E8301F26-7659-44E2-BB75-7E5ACF95F7C4}
		{BE651E6B-3301-43CF-AC6C-904F5A41BA54} = {E8301F26-7659-44E2-BB75-7E5ACF95F7C4}
		{FF9F4752-C691-40E3-A458-2DDD1F176C58} = {E8301F26-7659-44E2-BB75-7E5ACF95F7C4}
		{AF1AD8D1-4BFB-423A-BA07-6C52FF3A24CA} = {E8301F26-7659-44E2-BB75-7E5ACF95F7C4}
		{273CC9DD-B84F-4531-B727-C3945A3FA21D} = {4AD16906-B741-45CE-B964-130AF1E93560}
	EndGlobalSection
	GlobalSection(ExtensibilityGlobals) = postSolution
		SolutionGuid = {F1A0D4A5-0340-414A-9910-9AD15E3779A2}
	EndGlobalSection
EndGlobal
